
Microsoft Visual Studio Solution File, Format Version 12.00
# Visual Studio 2015
Project("{FAE04EC0-301F-11D3-BF4B-00C04F79EFBC}") = "Vive_Fun_Palace_Setup", "Vive_Fun_Palace_Setup.csproj", "{540FE13A-6F19-0C50-89A5-CECC20F1474D}"
EndProject
Project("{FAE04EC0-301F-11D3-BF4B-00C04F79EFBC}") = "Vive_Fun_Palace_Setup.Editor", "Vive_Fun_Palace_Setup.Editor.csproj", "{3EA0C5B6-9122-47D3-09FA-3C867CFED977}"
EndProject
Global
	GlobalSection(SolutionConfigurationPlatforms) = preSolution
		Debug|Any CPU = Debug|Any CPU
		Release|Any CPU = Release|Any CPU
	EndGlobalSection
	GlobalSection(ProjectConfigurationPlatforms) = postSolution
		{540FE13A-6F19-0C50-89A5-CECC20F1474D}.Debug|Any CPU.ActiveCfg = Debug|Any CPU
		{540FE13A-6F19-0C50-89A5-CECC20F1474D}.Debug|Any CPU.Build.0 = Debug|Any CPU
		{540FE13A-6F19-0C50-89A5-CECC20F1474D}.Release|Any CPU.ActiveCfg = Release|Any CPU
		{540FE13A-6F19-0C50-89A5-CECC20F1474D}.Release|Any CPU.Build.0 = Release|Any CPU
		{3EA0C5B6-9122-47D3-09FA-3C867CFED977}.Debug|Any CPU.ActiveCfg = Debug|Any CPU
		{3EA0C5B6-9122-47D3-09FA-3C867CFED977}.Debug|Any CPU.Build.0 = Debug|Any CPU
		{3EA0C5B6-9122-47D3-09FA-3C867CFED977}.Release|Any CPU.ActiveCfg = Release|Any CPU
		{3EA0C5B6-9122-47D3-09FA-3C867CFED977}.Release|Any CPU.Build.0 = Release|Any CPU
	EndGlobalSection
	GlobalSection(SolutionProperties) = preSolution
		HideSolutionNode = FALSE
	EndGlobalSection
EndGlobal
